
Microsoft Visual Studio Solution File, Format Version 12.00
# Visual Studio Version 17
VisualStudioVersion = 17.7.34031.279
MinimumVisualStudioVersion = 10.0.40219.1
Project("{9A19103F-16F7-4668-BE54-9A1E7A4F7556}") = "FlappyBird", "FlappyBird\FlappyBird.csproj", "{B6990F7D-78A9-45E9-B4ED-DA1ADCA7DF5D}"
EndProject
Global
	GlobalSection(SolutionConfigurationPlatforms) = preSolution
		Debug|Any CPU = Debug|Any CPU
		Release|Any CPU = Release|Any CPU
	EndGlobalSection
	GlobalSection(ProjectConfigurationPlatforms) = postSolution
		{B6990F7D-78A9-45E9-B4ED-DA1ADCA7DF5D}.Debug|Any CPU.ActiveCfg = Debug|Any CPU
		{B6990F7D-78A9-45E9-B4ED-DA1ADCA7DF5D}.Debug|Any CPU.Build.0 = Debug|Any CPU
		{B6990F7D-78A9-45E9-B4ED-DA1ADCA7DF5D}.Release|Any CPU.ActiveCfg = Release|Any CPU
		{B6990F7D-78A9-45E9-B4ED-DA1ADCA7DF5D}.Release|Any CPU.Build.0 = Release|Any CPU
	EndGlobalSection
	GlobalSection(SolutionProperties) = preSolution
		HideSolutionNode = FALSE
	EndGlobalSection
	GlobalSection(ExtensibilityGlobals) = postSolution
		SolutionGuid = {7B04425D-0EAC-4E3A-8E36-B6AFDC18484E}
	EndGlobalSection
EndGlobal
